// !$*UTF8*$!
{
	archiveVersion = 1;
	classes = {
	};
	objectVersion = 56;
	objects = {

/* Begin PBXBuildFile section */
		880924BC2C13FE010043C65A /* PaddingLabel.swift in Sources */ = {isa = PBXBuildFile; fileRef = 880924BB2C13FE010043C65A /* PaddingLabel.swift */; };
		880924BE2C1406980043C65A /* UnderLineTextField.swift in Sources */ = {isa = PBXBuildFile; fileRef = 880924BD2C1406980043C65A /* UnderLineTextField.swift */; };
		880A2E092C12BFED005C564D /* MainViewController.swift in Sources */ = {isa = PBXBuildFile; fileRef = 880A2E082C12BFED005C564D /* MainViewController.swift */; };
		884D3FD62C19D02600266229 /* Constant.swift in Sources */ = {isa = PBXBuildFile; fileRef = 884D3FD52C19D02600266229 /* Constant.swift */; };
		885727422C12F710006B34F1 /* SettingViewController.swift in Sources */ = {isa = PBXBuildFile; fileRef = 885727412C12F710006B34F1 /* SettingViewController.swift */; };
		885727442C12FD15006B34F1 /* SettingTableViewCell.swift in Sources */ = {isa = PBXBuildFile; fileRef = 885727432C12FD15006B34F1 /* SettingTableViewCell.swift */; };
		885727462C1306E5006B34F1 /* OwnerViewController.swift in Sources */ = {isa = PBXBuildFile; fileRef = 885727452C1306E5006B34F1 /* OwnerViewController.swift */; };
		88B640B32C11A8EB00B62D80 /* AppDelegate.swift in Sources */ = {isa = PBXBuildFile; fileRef = 88B640B22C11A8EB00B62D80 /* AppDelegate.swift */; };
		88B640B52C11A8EB00B62D80 /* SceneDelegate.swift in Sources */ = {isa = PBXBuildFile; fileRef = 88B640B42C11A8EB00B62D80 /* SceneDelegate.swift */; };
		88B640B72C11A8EB00B62D80 /* ViewController.swift in Sources */ = {isa = PBXBuildFile; fileRef = 88B640B62C11A8EB00B62D80 /* ViewController.swift */; };
		88B640BC2C11A8EC00B62D80 /* Assets.xcassets in Resources */ = {isa = PBXBuildFile; fileRef = 88B640BB2C11A8EC00B62D80 /* Assets.xcassets */; };
		88B640BF2C11A8EC00B62D80 /* Base in Resources */ = {isa = PBXBuildFile; fileRef = 88B640BE2C11A8EC00B62D80 /* Base */; };
		88B640C72C11A90300B62D80 /* .gitignore in Resources */ = {isa = PBXBuildFile; fileRef = 88B640C62C11A90300B62D80 /* .gitignore */; };
		88B640CA2C11ABD100B62D80 /* SnapKit in Frameworks */ = {isa = PBXBuildFile; productRef = 88B640C92C11ABD100B62D80 /* SnapKit */; };
		88B640CC2C11AC2700B62D80 /* TamaCollectionViewCell.swift in Sources */ = {isa = PBXBuildFile; fileRef = 88B640CB2C11AC2700B62D80 /* TamaCollectionViewCell.swift */; };
		88B640CE2C11AC5500B62D80 /* ReusableProtocol.swift in Sources */ = {isa = PBXBuildFile; fileRef = 88B640CD2C11AC5500B62D80 /* ReusableProtocol.swift */; };
		88B640D02C11AEB300B62D80 /* Tamagotchi.swift in Sources */ = {isa = PBXBuildFile; fileRef = 88B640CF2C11AEB300B62D80 /* Tamagotchi.swift */; };
		88BBFB442C1336280044FD06 /* UserDefaultsManager.swift in Sources */ = {isa = PBXBuildFile; fileRef = 88BBFB432C1336280044FD06 /* UserDefaultsManager.swift */; };
		88FF204D2C11E0F700DFC8CC /* UIViewController+Extension.swift in Sources */ = {isa = PBXBuildFile; fileRef = 88FF204C2C11E0F700DFC8CC /* UIViewController+Extension.swift */; };
		88FF20512C11E2F200DFC8CC /* TamaFont.swift in Sources */ = {isa = PBXBuildFile; fileRef = 88FF20502C11E2F200DFC8CC /* TamaFont.swift */; };
		88FF20532C11F0F000DFC8CC /* DetailViewController.swift in Sources */ = {isa = PBXBuildFile; fileRef = 88FF20522C11F0F000DFC8CC /* DetailViewController.swift */; };
/* End PBXBuildFile section */

/* Begin PBXFileReference section */
		880924BB2C13FE010043C65A /* PaddingLabel.swift */ = {isa = PBXFileReference; lastKnownFileType = sourcecode.swift; path = PaddingLabel.swift; sourceTree = "<group>"; };
		880924BD2C1406980043C65A /* UnderLineTextField.swift */ = {isa = PBXFileReference; lastKnownFileType = sourcecode.swift; path = UnderLineTextField.swift; sourceTree = "<group>"; };
		880A2E082C12BFED005C564D /* MainViewController.swift */ = {isa = PBXFileReference; lastKnownFileType = sourcecode.swift; path = MainViewController.swift; sourceTree = "<group>"; };
		884D3FD52C19D02600266229 /* Constant.swift */ = {isa = PBXFileReference; lastKnownFileType = sourcecode.swift; path = Constant.swift; sourceTree = "<group>"; };
		885727412C12F710006B34F1 /* SettingViewController.swift */ = {isa = PBXFileReference; lastKnownFileType = sourcecode.swift; path = SettingViewController.swift; sourceTree = "<group>"; };
		885727432C12FD15006B34F1 /* SettingTableViewCell.swift */ = {isa = PBXFileReference; lastKnownFileType = sourcecode.swift; path = SettingTableViewCell.swift; sourceTree = "<group>"; };
		885727452C1306E5006B34F1 /* OwnerViewController.swift */ = {isa = PBXFileReference; lastKnownFileType = sourcecode.swift; path = OwnerViewController.swift; sourceTree = "<group>"; };
		88B640AF2C11A8EB00B62D80 /* Tamagotchi.app */ = {isa = PBXFileReference; explicitFileType = wrapper.application; includeInIndex = 0; path = Tamagotchi.app; sourceTree = BUILT_PRODUCTS_DIR; };
		88B640B22C11A8EB00B62D80 /* AppDelegate.swift */ = {isa = PBXFileReference; lastKnownFileType = sourcecode.swift; path = AppDelegate.swift; sourceTree = "<group>"; };
		88B640B42C11A8EB00B62D80 /* SceneDelegate.swift */ = {isa = PBXFileReference; lastKnownFileType = sourcecode.swift; path = SceneDelegate.swift; sourceTree = "<group>"; };
		88B640B62C11A8EB00B62D80 /* ViewController.swift */ = {isa = PBXFileReference; lastKnownFileType = sourcecode.swift; path = ViewController.swift; sourceTree = "<group>"; };
		88B640BB2C11A8EC00B62D80 /* Assets.xcassets */ = {isa = PBXFileReference; lastKnownFileType = folder.assetcatalog; path = Assets.xcassets; sourceTree = "<group>"; };
		88B640BE2C11A8EC00B62D80 /* Base */ = {isa = PBXFileReference; lastKnownFileType = file.storyboard; name = Base; path = Base.lproj/LaunchScreen.storyboard; sourceTree = "<group>"; };
		88B640C02C11A8EC00B62D80 /* Info.plist */ = {isa = PBXFileReference; lastKnownFileType = text.plist.xml; path = Info.plist; sourceTree = "<group>"; };
		88B640C62C11A90300B62D80 /* .gitignore */ = {isa = PBXFileReference; lastKnownFileType = text; path = .gitignore; sourceTree = "<group>"; };
		88B640CB2C11AC2700B62D80 /* TamaCollectionViewCell.swift */ = {isa = PBXFileReference; lastKnownFileType = sourcecode.swift; path = TamaCollectionViewCell.swift; sourceTree = "<group>"; };
		88B640CD2C11AC5500B62D80 /* ReusableProtocol.swift */ = {isa = PBXFileReference; lastKnownFileType = sourcecode.swift; path = ReusableProtocol.swift; sourceTree = "<group>"; };
		88B640CF2C11AEB300B62D80 /* Tamagotchi.swift */ = {isa = PBXFileReference; lastKnownFileType = sourcecode.swift; path = Tamagotchi.swift; sourceTree = "<group>"; };
		88BBFB432C1336280044FD06 /* UserDefaultsManager.swift */ = {isa = PBXFileReference; lastKnownFileType = sourcecode.swift; path = UserDefaultsManager.swift; sourceTree = "<group>"; };
		88FF204C2C11E0F700DFC8CC /* UIViewController+Extension.swift */ = {isa = PBXFileReference; lastKnownFileType = sourcecode.swift; path = "UIViewController+Extension.swift"; sourceTree = "<group>"; };
		88FF20502C11E2F200DFC8CC /* TamaFont.swift */ = {isa = PBXFileReference; lastKnownFileType = sourcecode.swift; path = TamaFont.swift; sourceTree = "<group>"; };
		88FF20522C11F0F000DFC8CC /* DetailViewController.swift */ = {isa = PBXFileReference; lastKnownFileType = sourcecode.swift; path = DetailViewController.swift; sourceTree = "<group>"; };
/* End PBXFileReference section */

/* Begin PBXFrameworksBuildPhase section */
		88B640AC2C11A8EB00B62D80 /* Frameworks */ = {
			isa = PBXFrameworksBuildPhase;
			buildActionMask = 2147483647;
			files = (
				88B640CA2C11ABD100B62D80 /* SnapKit in Frameworks */,
			);
			runOnlyForDeploymentPostprocessing = 0;
		};
/* End PBXFrameworksBuildPhase section */

/* Begin PBXGroup section */
		880A2E0C2C12F573005C564D /* Extension */ = {
			isa = PBXGroup;
			children = (
				88FF204C2C11E0F700DFC8CC /* UIViewController+Extension.swift */,
			);
			path = Extension;
			sourceTree = "<group>";
		};
		880A2E0D2C12F57E005C564D /* Cell */ = {
			isa = PBXGroup;
			children = (
				88B640CB2C11AC2700B62D80 /* TamaCollectionViewCell.swift */,
				885727432C12FD15006B34F1 /* SettingTableViewCell.swift */,
			);
			path = Cell;
			sourceTree = "<group>";
		};
		880A2E102C12F592005C564D /* Custom */ = {
			isa = PBXGroup;
			children = (
				880924BB2C13FE010043C65A /* PaddingLabel.swift */,
				880924BD2C1406980043C65A /* UnderLineTextField.swift */,
				88FF20502C11E2F200DFC8CC /* TamaFont.swift */,
			);
			path = Custom;
			sourceTree = "<group>";
		};
		880A2E112C12F5A6005C564D /* Protocol */ = {
			isa = PBXGroup;
			children = (
				88B640CD2C11AC5500B62D80 /* ReusableProtocol.swift */,
			);
			path = Protocol;
			sourceTree = "<group>";
		};
		880A2E122C12F5AF005C564D /* Model */ = {
			isa = PBXGroup;
			children = (
				88B640CF2C11AEB300B62D80 /* Tamagotchi.swift */,
			);
			path = Model;
			sourceTree = "<group>";
		};
		880A2E132C12F5B6005C564D /* ViewController */ = {
			isa = PBXGroup;
			children = (
				88B640B62C11A8EB00B62D80 /* ViewController.swift */,
				88FF20522C11F0F000DFC8CC /* DetailViewController.swift */,
				880A2E082C12BFED005C564D /* MainViewController.swift */,
				885727412C12F710006B34F1 /* SettingViewController.swift */,
				885727452C1306E5006B34F1 /* OwnerViewController.swift */,
			);
			path = ViewController;
			sourceTree = "<group>";
		};
		884D3FD42C19D01A00266229 /* Constant */ = {
			isa = PBXGroup;
			children = (
				884D3FD52C19D02600266229 /* Constant.swift */,
			);
			path = Constant;
			sourceTree = "<group>";
		};
		88B640A62C11A8EB00B62D80 = {
			isa = PBXGroup;
			children = (
				88B640C62C11A90300B62D80 /* .gitignore */,
				88B640B12C11A8EB00B62D80 /* Tamagotchi */,
				88B640B02C11A8EB00B62D80 /* Products */,
			);
			sourceTree = "<group>";
		};
		88B640B02C11A8EB00B62D80 /* Products */ = {
			isa = PBXGroup;
			children = (
				88B640AF2C11A8EB00B62D80 /* Tamagotchi.app */,
			);
			name = Products;
			sourceTree = "<group>";
		};
		88B640B12C11A8EB00B62D80 /* Tamagotchi */ = {
			isa = PBXGroup;
			children = (
				88BBFB432C1336280044FD06 /* UserDefaultsManager.swift */,
				884D3FD42C19D01A00266229 /* Constant */,
				880A2E132C12F5B6005C564D /* ViewController */,
				880A2E122C12F5AF005C564D /* Model */,
				880A2E112C12F5A6005C564D /* Protocol */,
				880A2E102C12F592005C564D /* Custom */,
				880A2E0D2C12F57E005C564D /* Cell */,
				880A2E0C2C12F573005C564D /* Extension */,
				88B640B22C11A8EB00B62D80 /* AppDelegate.swift */,
				88B640B42C11A8EB00B62D80 /* SceneDelegate.swift */,
				88B640BB2C11A8EC00B62D80 /* Assets.xcassets */,
				88B640BD2C11A8EC00B62D80 /* LaunchScreen.storyboard */,
				88B640C02C11A8EC00B62D80 /* Info.plist */,
			);
			path = Tamagotchi;
			sourceTree = "<group>";
		};
/* End PBXGroup section */

/* Begin PBXNativeTarget section */
		88B640AE2C11A8EB00B62D80 /* Tamagotchi */ = {
			isa = PBXNativeTarget;
			buildConfigurationList = 88B640C32C11A8EC00B62D80 /* Build configuration list for PBXNativeTarget "Tamagotchi" */;
			buildPhases = (
				88B640AB2C11A8EB00B62D80 /* Sources */,
				88B640AC2C11A8EB00B62D80 /* Frameworks */,
				88B640AD2C11A8EB00B62D80 /* Resources */,
			);
			buildRules = (
			);
			dependencies = (
			);
			name = Tamagotchi;
			packageProductDependencies = (
				88B640C92C11ABD100B62D80 /* SnapKit */,
			);
			productName = Tamagotchi;
			productReference = 88B640AF2C11A8EB00B62D80 /* Tamagotchi.app */;
			productType = "com.apple.product-type.application";
		};
/* End PBXNativeTarget section */

/* Begin PBXProject section */
		88B640A72C11A8EB00B62D80 /* Project object */ = {
			isa = PBXProject;
			attributes = {
				BuildIndependentTargetsInParallel = 1;
				LastSwiftUpdateCheck = 1540;
				LastUpgradeCheck = 1540;
				TargetAttributes = {
					88B640AE2C11A8EB00B62D80 = {
						CreatedOnToolsVersion = 15.4;
					};
				};
			};
			buildConfigurationList = 88B640AA2C11A8EB00B62D80 /* Build configuration list for PBXProject "Tamagotchi" */;
			compatibilityVersion = "Xcode 14.0";
			developmentRegion = en;
			hasScannedForEncodings = 0;
			knownRegions = (
				en,
				Base,
			);
			mainGroup = 88B640A62C11A8EB00B62D80;
			packageReferences = (
				88B640C82C11ABD100B62D80 /* XCRemoteSwiftPackageReference "SnapKit" */,
			);
			productRefGroup = 88B640B02C11A8EB00B62D80 /* Products */;
			projectDirPath = "";
			projectRoot = "";
			targets = (
				88B640AE2C11A8EB00B62D80 /* Tamagotchi */,
			);
		};
/* End PBXProject section */

/* Begin PBXResourcesBuildPhase section */
		88B640AD2C11A8EB00B62D80 /* Resources */ = {
			isa = PBXResourcesBuildPhase;
			buildActionMask = 2147483647;
			files = (
				88B640C72C11A90300B62D80 /* .gitignore in Resources */,
				88B640BC2C11A8EC00B62D80 /* Assets.xcassets in Resources */,
				88B640BF2C11A8EC00B62D80 /* Base in Resources */,
			);
			runOnlyForDeploymentPostprocessing = 0;
		};
/* End PBXResourcesBuildPhase section */

/* Begin PBXSourcesBuildPhase section */
		88B640AB2C11A8EB00B62D80 /* Sources */ = {
			isa = PBXSourcesBuildPhase;
			buildActionMask = 2147483647;
			files = (
				88FF20532C11F0F000DFC8CC /* DetailViewController.swift in Sources */,
				880A2E092C12BFED005C564D /* MainViewController.swift in Sources */,
				885727442C12FD15006B34F1 /* SettingTableViewCell.swift in Sources */,
				88B640B72C11A8EB00B62D80 /* ViewController.swift in Sources */,
				885727422C12F710006B34F1 /* SettingViewController.swift in Sources */,
				88BBFB442C1336280044FD06 /* UserDefaultsManager.swift in Sources */,
				88B640CC2C11AC2700B62D80 /* TamaCollectionViewCell.swift in Sources */,
				884D3FD62C19D02600266229 /* Constant.swift in Sources */,
				88B640CE2C11AC5500B62D80 /* ReusableProtocol.swift in Sources */,
				88B640B32C11A8EB00B62D80 /* AppDelegate.swift in Sources */,
				885727462C1306E5006B34F1 /* OwnerViewController.swift in Sources */,
				880924BC2C13FE010043C65A /* PaddingLabel.swift in Sources */,
				880924BE2C1406980043C65A /* UnderLineTextField.swift in Sources */,
				88FF204D2C11E0F700DFC8CC /* UIViewController+Extension.swift in Sources */,
				88B640D02C11AEB300B62D80 /* Tamagotchi.swift in Sources */,
				88FF20512C11E2F200DFC8CC /* TamaFont.swift in Sources */,
				88B640B52C11A8EB00B62D80 /* SceneDelegate.swift in Sources */,
			);
			runOnlyForDeploymentPostprocessing = 0;
		};
/* End PBXSourcesBuildPhase section */

/* Begin PBXVariantGroup section */
		88B640BD2C11A8EC00B62D80 /* LaunchScreen.storyboard */ = {
			isa = PBXVariantGroup;
			children = (
				88B640BE2C11A8EC00B62D80 /* Base */,
			);
			name = LaunchScreen.storyboard;
			sourceTree = "<group>";
		};
/* End PBXVariantGroup section */

/* Begin XCBuildConfiguration section */
		88B640C12C11A8EC00B62D80 /* Debug */ = {
			isa = XCBuildConfiguration;
			buildSettings = {
				ALWAYS_SEARCH_USER_PATHS = NO;
				ASSETCATALOG_COMPILER_GENERATE_SWIFT_ASSET_SYMBOL_EXTENSIONS = YES;
				CLANG_ANALYZER_NONNULL = YES;
				CLANG_ANALYZER_NUMBER_OBJECT_CONVERSION = YES_AGGRESSIVE;
				CLANG_CXX_LANGUAGE_STANDARD = "gnu++20";
				CLANG_ENABLE_MODULES = YES;
				CLANG_ENABLE_OBJC_ARC = YES;
				CLANG_ENABLE_OBJC_WEAK = YES;
				CLANG_WARN_BLOCK_CAPTURE_AUTORELEASING = YES;
				CLANG_WARN_BOOL_CONVERSION = YES;
				CLANG_WARN_COMMA = YES;
				CLANG_WARN_CONSTANT_CONVERSION = YES;
				CLANG_WARN_DEPRECATED_OBJC_IMPLEMENTATIONS = YES;
				CLANG_WARN_DIRECT_OBJC_ISA_USAGE = YES_ERROR;
				CLANG_WARN_DOCUMENTATION_COMMENTS = YES;
				CLANG_WARN_EMPTY_BODY = YES;
				CLANG_WARN_ENUM_CONVERSION = YES;
				CLANG_WARN_INFINITE_RECURSION = YES;
				CLANG_WARN_INT_CONVERSION = YES;
				CLANG_WARN_NON_LITERAL_NULL_CONVERSION = YES;
				CLANG_WARN_OBJC_IMPLICIT_RETAIN_SELF = YES;
				CLANG_WARN_OBJC_LITERAL_CONVERSION = YES;
				CLANG_WARN_OBJC_ROOT_CLASS = YES_ERROR;
				CLANG_WARN_QUOTED_INCLUDE_IN_FRAMEWORK_HEADER = YES;
				CLANG_WARN_RANGE_LOOP_ANALYSIS = YES;
				CLANG_WARN_STRICT_PROTOTYPES = YES;
				CLANG_WARN_SUSPICIOUS_MOVE = YES;
				CLANG_WARN_UNGUARDED_AVAILABILITY = YES_AGGRESSIVE;
				CLANG_WARN_UNREACHABLE_CODE = YES;
				CLANG_WARN__DUPLICATE_METHOD_MATCH = YES;
				COPY_PHASE_STRIP = NO;
				DEBUG_INFORMATION_FORMAT = dwarf;
				ENABLE_STRICT_OBJC_MSGSEND = YES;
				ENABLE_TESTABILITY = YES;
				ENABLE_USER_SCRIPT_SANDBOXING = YES;
				GCC_C_LANGUAGE_STANDARD = gnu17;
				GCC_DYNAMIC_NO_PIC = NO;
				GCC_NO_COMMON_BLOCKS = YES;
				GCC_OPTIMIZATION_LEVEL = 0;
				GCC_PREPROCESSOR_DEFINITIONS = (
					"DEBUG=1",
					"$(inherited)",
				);
				GCC_WARN_64_TO_32_BIT_CONVERSION = YES;
				GCC_WARN_ABOUT_RETURN_TYPE = YES_ERROR;
				GCC_WARN_UNDECLARED_SELECTOR = YES;
				GCC_WARN_UNINITIALIZED_AUTOS = YES_AGGRESSIVE;
				GCC_WARN_UNUSED_FUNCTION = YES;
				GCC_WARN_UNUSED_VARIABLE = YES;
				IPHONEOS_DEPLOYMENT_TARGET = 17.5;
				LOCALIZATION_PREFERS_STRING_CATALOGS = YES;
				MTL_ENABLE_DEBUG_INFO = INCLUDE_SOURCE;
				MTL_FAST_MATH = YES;
				ONLY_ACTIVE_ARCH = YES;
				SDKROOT = iphoneos;
				SWIFT_ACTIVE_COMPILATION_CONDITIONS = "DEBUG $(inherited)";
				SWIFT_OPTIMIZATION_LEVEL = "-Onone";
			};
			name = Debug;
		};
		88B640C22C11A8EC00B62D80 /* Release */ = {
			isa = XCBuildConfiguration;
			buildSettings = {
				ALWAYS_SEARCH_USER_PATHS = NO;
				ASSETCATALOG_COMPILER_GENERATE_SWIFT_ASSET_SYMBOL_EXTENSIONS = YES;
				CLANG_ANALYZER_NONNULL = YES;
				CLANG_ANALYZER_NUMBER_OBJECT_CONVERSION = YES_AGGRESSIVE;
				CLANG_CXX_LANGUAGE_STANDARD = "gnu++20";
				CLANG_ENABLE_MODULES = YES;
				CLANG_ENABLE_OBJC_ARC = YES;
				CLANG_ENABLE_OBJC_WEAK = YES;
				CLANG_WARN_BLOCK_CAPTURE_AUTORELEASING = YES;
				CLANG_WARN_BOOL_CONVERSION = YES;
				CLANG_WARN_COMMA = YES;
				CLANG_WARN_CONSTANT_CONVERSION = YES;
				CLANG_WARN_DEPRECATED_OBJC_IMPLEMENTATIONS = YES;
				CLANG_WARN_DIRECT_OBJC_ISA_USAGE = YES_ERROR;
				CLANG_WARN_DOCUMENTATION_COMMENTS = YES;
				CLANG_WARN_EMPTY_BODY = YES;
				CLANG_WARN_ENUM_CONVERSION = YES;
				CLANG_WARN_INFINITE_RECURSION = YES;
				CLANG_WARN_INT_CONVERSION = YES;
				CLANG_WARN_NON_LITERAL_NULL_CONVERSION = YES;
				CLANG_WARN_OBJC_IMPLICIT_RETAIN_SELF = YES;
				CLANG_WARN_OBJC_LITERAL_CONVERSION = YES;
				CLANG_WARN_OBJC_ROOT_CLASS = YES_ERROR;
				CLANG_WARN_QUOTED_INCLUDE_IN_FRAMEWORK_HEADER = YES;
				CLANG_WARN_RANGE_LOOP_ANALYSIS = YES;
				CLANG_WARN_STRICT_PROTOTYPES = YES;
				CLANG_WARN_SUSPICIOUS_MOVE = YES;
				CLANG_WARN_UNGUARDED_AVAILABILITY = YES_AGGRESSIVE;
				CLANG_WARN_UNREACHABLE_CODE = YES;
				CLANG_WARN__DUPLICATE_METHOD_MATCH = YES;
				COPY_PHASE_STRIP = NO;
				DEBUG_INFORMATION_FORMAT = "dwarf-with-dsym";
				ENABLE_NS_ASSERTIONS = NO;
				ENABLE_STRICT_OBJC_MSGSEND = YES;
				ENABLE_USER_SCRIPT_SANDBOXING = YES;
				GCC_C_LANGUAGE_STANDARD = gnu17;
				GCC_NO_COMMON_BLOCKS = YES;
				GCC_WARN_64_TO_32_BIT_CONVERSION = YES;
				GCC_WARN_ABOUT_RETURN_TYPE = YES_ERROR;
				GCC_WARN_UNDECLARED_SELECTOR = YES;
				GCC_WARN_UNINITIALIZED_AUTOS = YES_AGGRESSIVE;
				GCC_WARN_UNUSED_FUNCTION = YES;
				GCC_WARN_UNUSED_VARIABLE = YES;
				IPHONEOS_DEPLOYMENT_TARGET = 17.5;
				LOCALIZATION_PREFERS_STRING_CATALOGS = YES;
				MTL_ENABLE_DEBUG_INFO = NO;
				MTL_FAST_MATH = YES;
				SDKROOT = iphoneos;
				SWIFT_COMPILATION_MODE = wholemodule;
				VALIDATE_PRODUCT = YES;
			};
			name = Release;
		};
		88B640C42C11A8EC00B62D80 /* Debug */ = {
			isa = XCBuildConfiguration;
			buildSettings = {
				ASSETCATALOG_COMPILER_APPICON_NAME = AppIcon;
				ASSETCATALOG_COMPILER_GLOBAL_ACCENT_COLOR_NAME = AccentColor;
				CODE_SIGN_STYLE = Automatic;
				CURRENT_PROJECT_VERSION = 1;
				GENERATE_INFOPLIST_FILE = YES;
				INFOPLIST_FILE = Tamagotchi/Info.plist;
				INFOPLIST_KEY_UIApplicationSupportsIndirectInputEvents = YES;
				INFOPLIST_KEY_UILaunchStoryboardName = LaunchScreen;
				INFOPLIST_KEY_UISupportedInterfaceOrientations = UIInterfaceOrientationPortrait;
				INFOPLIST_KEY_UISupportedInterfaceOrientations_iPad = "UIInterfaceOrientationLandscapeLeft UIInterfaceOrientationLandscapeRight UIInterfaceOrientationPortrait UIInterfaceOrientationPortraitUpsideDown";
				IPHONEOS_DEPLOYMENT_TARGET = 15.0;
				LD_RUNPATH_SEARCH_PATHS = (
					"$(inherited)",
					"@executable_path/Frameworks",
				);
				MARKETING_VERSION = 1.0;
				PRODUCT_BUNDLE_IDENTIFIER = com.jm.Tamagotchi;
				PRODUCT_NAME = "$(TARGET_NAME)";
				SUPPORTED_PLATFORMS = "iphoneos iphonesimulator";
				SUPPORTS_MACCATALYST = NO;
				SUPPORTS_MAC_DESIGNED_FOR_IPHONE_IPAD = NO;
				SUPPORTS_XR_DESIGNED_FOR_IPHONE_IPAD = NO;
				SWIFT_EMIT_LOC_STRINGS = YES;
				SWIFT_VERSION = 5.0;
				TARGETED_DEVICE_FAMILY = 1;
			};
			name = Debug;
		};
		88B640C52C11A8EC00B62D80 /* Release */ = {
			isa = XCBuildConfiguration;
			buildSettings = {
				ASSETCATALOG_COMPILER_APPICON_NAME = AppIcon;
				ASSETCATALOG_COMPILER_GLOBAL_ACCENT_COLOR_NAME = AccentColor;
				CODE_SIGN_STYLE = Automatic;
				CURRENT_PROJECT_VERSION = 1;
				GENERATE_INFOPLIST_FILE = YES;
				INFOPLIST_FILE = Tamagotchi/Info.plist;
				INFOPLIST_KEY_UIApplicationSupportsIndirectInputEvents = YES;
				INFOPLIST_KEY_UILaunchStoryboardName = LaunchScreen;
				INFOPLIST_KEY_UISupportedInterfaceOrientations = UIInterfaceOrientationPortrait;
				INFOPLIST_KEY_UISupportedInterfaceOrientations_iPad = "UIInterfaceOrientationLandscapeLeft UIInterfaceOrientationLandscapeRight UIInterfaceOrientationPortrait UIInterfaceOrientationPortraitUpsideDown";
				IPHONEOS_DEPLOYMENT_TARGET = 15.0;
				LD_RUNPATH_SEARCH_PATHS = (
					"$(inherited)",
					"@executable_path/Frameworks",
				);
				MARKETING_VERSION = 1.0;
				PRODUCT_BUNDLE_IDENTIFIER = com.jm.Tamagotchi;
				PRODUCT_NAME = "$(TARGET_NAME)";
				SUPPORTED_PLATFORMS = "iphoneos iphonesimulator";
				SUPPORTS_MACCATALYST = NO;
				SUPPORTS_MAC_DESIGNED_FOR_IPHONE_IPAD = NO;
				SUPPORTS_XR_DESIGNED_FOR_IPHONE_IPAD = NO;
				SWIFT_EMIT_LOC_STRINGS = YES;
				SWIFT_VERSION = 5.0;
				TARGETED_DEVICE_FAMILY = 1;
			};
			name = Release;
		};
/* End XCBuildConfiguration section */

/* Begin XCConfigurationList section */
		88B640AA2C11A8EB00B62D80 /* Build configuration list for PBXProject "Tamagotchi" */ = {
			isa = XCConfigurationList;
			buildConfigurations = (
				88B640C12C11A8EC00B62D80 /* Debug */,
				88B640C22C11A8EC00B62D80 /* Release */,
			);
			defaultConfigurationIsVisible = 0;
			defaultConfigurationName = Release;
		};
		88B640C32C11A8EC00B62D80 /* Build configuration list for PBXNativeTarget "Tamagotchi" */ = {
			isa = XCConfigurationList;
			buildConfigurations = (
				88B640C42C11A8EC00B62D80 /* Debug */,
				88B640C52C11A8EC00B62D80 /* Release */,
			);
			defaultConfigurationIsVisible = 0;
			defaultConfigurationName = Release;
		};
/* End XCConfigurationList section */

/* Begin XCRemoteSwiftPackageReference section */
		88B640C82C11ABD100B62D80 /* XCRemoteSwiftPackageReference "SnapKit" */ = {
			isa = XCRemoteSwiftPackageReference;
			repositoryURL = "https://github.com/SnapKit/SnapKit.git";
			requirement = {
				kind = upToNextMajorVersion;
				minimumVersion = 5.7.1;
			};
		};
/* End XCRemoteSwiftPackageReference section */

/* Begin XCSwiftPackageProductDependency section */
		88B640C92C11ABD100B62D80 /* SnapKit */ = {
			isa = XCSwiftPackageProductDependency;
			package = 88B640C82C11ABD100B62D80 /* XCRemoteSwiftPackageReference "SnapKit" */;
			productName = SnapKit;
		};
/* End XCSwiftPackageProductDependency section */
	};
	rootObject = 88B640A72C11A8EB00B62D80 /* Project object */;
}
